{
  "name": "altairportfolio",
  "version": "1.0.0",
  "lockfileVersion": 3,
  "requires": true,
  "packages": {
    "": {
      "name": "altairportfolio",
      "version": "1.0.0",
      "license": "ISC",
      "dependencies": {
        "@tinyhttp/app": "^3.0.1",
        "liquidjs": "^10.21.1",
        "serve-static": "^2.2.0"
      }
    },
    "node_modules/@tinyhttp/accepts": {
      "version": "2.2.4",
      "resolved": "https://registry.npmjs.org/@tinyhttp/accepts/-/accepts-2.2.4.tgz",
      "integrity": "sha512-zYkSyzPOSjDdfGyV4H8J6TVc2Jz62UEbp4Pz0wc9uSEoGxxgpBYHVD2ki8wDnaUavDi2DYEss1plW0kTnX3LKw==",
      "license": "MIT",
      "dependencies": {
        "mime": "4.1.0",
        "negotiator": "^1.0.0"
      },
      "engines": {
        "node": ">=14.13.1"
      },
      "funding": {
        "type": "individual",
        "url": "https://github.com/tinyhttp/tinyhttp?sponsor=1"
      }
    },
    "node_modules/@tinyhttp/app": {
      "version": "3.0.1",
      "resolved": "https://registry.npmjs.org/@tinyhttp/app/-/app-3.0.1.tgz",
      "integrity": "sha512-Uy5O6n5GsyW76MbLEpfGoMuis9qQUk5/c/99AlsPwHf1Df24FFaxeE44RLmX/JJW8Q1QbWtX3fz649TXY1DCaw==",
      "license": "MIT",
      "dependencies": {
        "@tinyhttp/cookie": "2.1.1",
        "@tinyhttp/proxy-addr": "3.0.0",
        "@tinyhttp/req": "2.2.6",
        "@tinyhttp/res": "2.2.6",
        "@tinyhttp/router": "2.2.3",
        "header-range-parser": "1.1.3",
        "regexparam": "^2.0.2"
      },
      "engines": {
        "node": ">=16.10.0"
      },
      "funding": {
        "type": "individual",
        "url": "https://github.com/tinyhttp/tinyhttp?sponsor=1"
      }
    },
    "node_modules/@tinyhttp/content-disposition": {
      "version": "2.2.2",
      "resolved": "https://registry.npmjs.org/@tinyhttp/content-disposition/-/content-disposition-2.2.2.tgz",
      "integrity": "sha512-crXw1txzrS36huQOyQGYFvhTeLeG0Si1xu+/l6kXUVYpE0TjFjEZRqTbuadQLfKGZ0jaI+jJoRyqaWwxOSHW2g==",
      "license": "MIT",
      "engines": {
        "node": ">=12.20.0"
      },
      "funding": {
        "type": "individual",
        "url": "https://github.com/tinyhttp/tinyhttp?sponsor=1"
      }
    },
    "node_modules/@tinyhttp/content-type": {
      "version": "0.1.4",
      "resolved": "https://registry.npmjs.org/@tinyhttp/content-type/-/content-type-0.1.4.tgz",
      "integrity": "sha512-dl6f3SHIJPYbhsW1oXdrqOmLSQF/Ctlv3JnNfXAE22kIP7FosqJHxkz/qj2gv465prG8ODKH5KEyhBkvwrueKQ==",
      "license": "MIT",
      "engines": {
        "node": ">=12.4"
      }
    },
    "node_modules/@tinyhttp/cookie": {
      "version": "2.1.1",
      "resolved": "https://registry.npmjs.org/@tinyhttp/cookie/-/cookie-2.1.1.tgz",
      "integrity": "sha512-h/kL9jY0e0Dvad+/QU3efKZww0aTvZJslaHj3JTPmIPC9Oan9+kYqmh3M6L5JUQRuTJYFK2nzgL2iJtH2S+6dA==",
      "license": "MIT",
      "engines": {
        "node": ">=12.20.0"
      },
      "funding": {
        "type": "individual",
        "url": "https://github.com/tinyhttp/tinyhttp?sponsor=1"
      }
    },
    "node_modules/@tinyhttp/cookie-signature": {
      "version": "2.1.1",
      "resolved": "https://registry.npmjs.org/@tinyhttp/cookie-signature/-/cookie-signature-2.1.1.tgz",
      "integrity": "sha512-VDsSMY5OJfQJIAtUgeQYhqMPSZptehFSfvEEtxr+4nldPA8IImlp3QVcOVuK985g4AFR4Hl1sCbWCXoqBnVWnw==",
      "license": "MIT",
      "engines": {
        "node": ">=12.20.0"
      }
    },
    "node_modules/@tinyhttp/encode-url": {
      "version": "2.1.1",
      "resolved": "https://registry.npmjs.org/@tinyhttp/encode-url/-/encode-url-2.1.1.tgz",
      "integrity": "sha512-AhY+JqdZ56qV77tzrBm0qThXORbsVjs/IOPgGCS7x/wWnsa/Bx30zDUU/jPAUcSzNOzt860x9fhdGpzdqbUeUw==",
      "license": "MIT",
      "engines": {
        "node": ">=12.20.0"
      }
    },
    "node_modules/@tinyhttp/etag": {
      "version": "2.1.2",
      "resolved": "https://registry.npmjs.org/@tinyhttp/etag/-/etag-2.1.2.tgz",
      "integrity": "sha512-j80fPKimGqdmMh6962y+BtQsnYPVCzZfJw0HXjyH70VaJBHLKGF+iYhcKqzI3yef6QBNa8DKIPsbEYpuwApXTw==",
      "license": "MIT",
      "engines": {
        "node": ">=12.20.0"
      }
    },
    "node_modules/@tinyhttp/forwarded": {
      "version": "2.1.2",
      "resolved": "https://registry.npmjs.org/@tinyhttp/forwarded/-/forwarded-2.1.2.tgz",
      "integrity": "sha512-9H/eulJ68ElY/+zYpTpNhZ7vxGV+cnwaR6+oQSm7bVgZMyuQfgROW/qvZuhmgDTIxnGMXst+Ba4ij6w6Krcs3w==",
      "license": "MIT",
      "engines": {
        "node": ">=12.20.0"
      }
    },
    "node_modules/@tinyhttp/proxy-addr": {
      "version": "3.0.0",
      "resolved": "https://registry.npmjs.org/@tinyhttp/proxy-addr/-/proxy-addr-3.0.0.tgz",
      "integrity": "sha512-K1r1nTO6IJwZdmDTsS8q+o6FdDfYAVbm4peItnaydbe25ENAncJFWbFRvV+RxCSuX4H/vOIe3jd28ItSaNxNKw==",
      "license": "MIT",
      "dependencies": {
        "@tinyhttp/forwarded": "2.1.2",
        "ipaddr.js": "^2.2.0"
      },
      "engines": {
        "node": ">=16.10.0"
      }
    },
    "node_modules/@tinyhttp/req": {
      "version": "2.2.6",
      "resolved": "https://registry.npmjs.org/@tinyhttp/req/-/req-2.2.6.tgz",
      "integrity": "sha512-il4ZZmIvB6sA0G4NGE+dChWxauYPLb9M2HZGVjryH2MwMV14MWBlUKTagLpI6lmWzPtlnR9a3jF3sK0AEZig/w==",
      "license": "MIT",
      "dependencies": {
        "@tinyhttp/accepts": "2.2.4",
        "@tinyhttp/type-is": "2.2.5",
        "@tinyhttp/url": "2.1.1",
        "header-range-parser": "^1.1.3"
      },
      "engines": {
        "node": ">=14.13.1"
      }
    },
    "node_modules/@tinyhttp/res": {
      "version": "2.2.6",
      "resolved": "https://registry.npmjs.org/@tinyhttp/res/-/res-2.2.6.tgz",
      "integrity": "sha512-w8+5Z/Nd2gsDFG/6s3v2QszcuyfmxEFhgEZ9FHjIGQWukV3i/Npo8GdW4Psu20JXUAGIxh0ynZ/jbATSxHWSaQ==",
      "license": "MIT",
      "dependencies": {
        "@tinyhttp/content-disposition": "2.2.2",
        "@tinyhttp/cookie": "2.1.1",
        "@tinyhttp/cookie-signature": "2.1.1",
        "@tinyhttp/encode-url": "2.1.1",
        "@tinyhttp/req": "2.2.6",
        "@tinyhttp/send": "2.2.4",
        "@tinyhttp/vary": "^0.1.3",
        "es-escape-html": "^0.1.1",
        "mime": "4.1.0"
      },
      "engines": {
        "node": ">=14.13.1"
      }
    },
    "node_modules/@tinyhttp/router": {
      "version": "2.2.3",
      "resolved": "https://registry.npmjs.org/@tinyhttp/router/-/router-2.2.3.tgz",
      "integrity": "sha512-O0MQqWV3Vpg/uXsMYg19XsIgOhwjyhTYWh51Qng7bxqXixxx2PEvZWnFjP7c84K7kU/nUX41KpkEBTLnznk9/Q==",
      "license": "MIT",
      "engines": {
        "node": ">=12.20.0"
      }
    },
    "node_modules/@tinyhttp/send": {
      "version": "2.2.4",
      "resolved": "https://registry.npmjs.org/@tinyhttp/send/-/send-2.2.4.tgz",
      "integrity": "sha512-DgEY185oQUd2LTKHM+he/m3sjYWB7yL0WLNrasoSEHaCfzstm0+viltqqOvEV7UtkSB3oRRo+OWiEtYKmd6h5w==",
      "license": "MIT",
      "dependencies": {
        "@tinyhttp/content-type": "^0.1.4",
        "@tinyhttp/etag": "2.1.2",
        "mime": "4.1.0"
      },
      "engines": {
        "node": ">=14.13.1"
      }
    },
    "node_modules/@tinyhttp/type-is": {
      "version": "2.2.5",
      "resolved": "https://registry.npmjs.org/@tinyhttp/type-is/-/type-is-2.2.5.tgz",
      "integrity": "sha512-BCPEB+NV8v/9lzEE9GbfRPAKVsyayp84m6SSWn70j8yFkPBXeuVeq004pwVrjW1CRdmAZz9ZSH147pqqzAdr5g==",
      "license": "MIT",
      "dependencies": {
        "@tinyhttp/content-type": "^0.1.4",
        "mime": "4.1.0"
      },
      "engines": {
        "node": ">=14.13.1"
      }
    },
    "node_modules/@tinyhttp/url": {
      "version": "2.1.1",
      "resolved": "https://registry.npmjs.org/@tinyhttp/url/-/url-2.1.1.tgz",
      "integrity": "sha512-POJeq2GQ5jI7Zrdmj22JqOijB5/GeX+LEX7DUdml1hUnGbJOTWDx7zf2b5cCERj7RoXL67zTgyzVblBJC+NJWg==",
      "license": "MIT",
      "engines": {
        "node": ">=12.20.0"
      }
    },
    "node_modules/@tinyhttp/vary": {
      "version": "0.1.3",
      "resolved": "https://registry.npmjs.org/@tinyhttp/vary/-/vary-0.1.3.tgz",
      "integrity": "sha512-SoL83sQXAGiHN1jm2VwLUWQSQeDAAl1ywOm6T0b0Cg1CZhVsjoiZadmjhxF6FHCCY7OHHVaLnTgSMxTPIDLxMg==",
      "license": "MIT",
      "engines": {
        "node": ">=12.20"
      }
    },
    "node_modules/commander": {
      "version": "10.0.1",
      "resolved": "https://registry.npmjs.org/commander/-/commander-10.0.1.tgz",
      "integrity": "sha512-y4Mg2tXshplEbSGzx7amzPwKKOCGuoSRP/CjEdwwk0FOGlUbq6lKuoyDZTNZkmxHdJtp54hdfY/JUrdL7Xfdug==",
      "license": "MIT",
      "engines": {
        "node": ">=14"
      }
    },
    "node_modules/debug": {
      "version": "4.4.3",
      "resolved": "https://registry.npmjs.org/debug/-/debug-4.4.3.tgz",
      "integrity": "sha512-RGwwWnwQvkVfavKVt22FGLw+xYSdzARwm0ru6DhTVA3umU5hZc28V3kO4stgYryrTlLpuvgI9GiijltAjNbcqA==",
      "license": "MIT",
      "dependencies": {
        "ms": "^2.1.3"
      },
      "engines": {
        "node": ">=6.0"
      },
      "peerDependenciesMeta": {
        "supports-color": {
          "optional": true
        }
      }
    },
    "node_modules/depd": {
      "version": "2.0.0",
      "resolved": "https://registry.npmjs.org/depd/-/depd-2.0.0.tgz",
      "integrity": "sha512-g7nH6P6dyDioJogAAGprGpCtVImJhpPk/roCzdb3fIh61/s/nPsfR6onyMwkCAR/OlC3yBC0lESvUoQEAssIrw==",
      "license": "MIT",
      "engines": {
        "node": ">= 0.8"
      }
    },
    "node_modules/ee-first": {
      "version": "1.1.1",
      "resolved": "https://registry.npmjs.org/ee-first/-/ee-first-1.1.1.tgz",
      "integrity": "sha512-WMwm9LhRUo+WUaRN+vRuETqG89IgZphVSNkdFgeb6sS/E4OrDIN7t48CAewSHXc6C8lefD8KKfr5vY61brQlow==",
      "license": "MIT"
    },
    "node_modules/encodeurl": {
      "version": "2.0.0",
      "resolved": "https://registry.npmjs.org/encodeurl/-/encodeurl-2.0.0.tgz",
      "integrity": "sha512-Q0n9HRi4m6JuGIV1eFlmvJB7ZEVxu93IrMyiMsGC0lrMJMWzRgx6WGquyfQgZVb31vhGgXnfmPNNXmxnOkRBrg==",
      "license": "MIT",
      "engines": {
        "node": ">= 0.8"
      }
    },
    "node_modules/es-escape-html": {
      "version": "0.1.1",
      "resolved": "https://registry.npmjs.org/es-escape-html/-/es-escape-html-0.1.1.tgz",
      "integrity": "sha512-yUx1o+8RsG7UlszmYPtks+dm6Lho2m8lgHMOsLJQsFI0R8XwUJwiMhM1M4E/S8QLeGyf6MkDV/pWgjQ0tdTSyQ==",
      "license": "MIT",
      "engines": {
        "node": ">=12.x"
      }
    },
    "node_modules/escape-html": {
      "version": "1.0.3",
      "resolved": "https://registry.npmjs.org/escape-html/-/escape-html-1.0.3.tgz",
      "integrity": "sha512-NiSupZ4OeuGwr68lGIeym/ksIZMJodUGOSCZ/FSnTxcrekbvqrgdUxlJOMpijaKZVjAJrWrGs/6Jy8OMuyj9ow==",
      "license": "MIT"
    },
    "node_modules/etag": {
      "version": "1.8.1",
      "resolved": "https://registry.npmjs.org/etag/-/etag-1.8.1.tgz",
      "integrity": "sha512-aIL5Fx7mawVa300al2BnEE4iNvo1qETxLrPI/o05L7z6go7fCw1J6EQmbK4FmJ2AS7kgVF/KEZWufBfdClMcPg==",
      "license": "MIT",
      "engines": {
        "node": ">= 0.6"
      }
    },
    "node_modules/fresh": {
      "version": "2.0.0",
      "resolved": "https://registry.npmjs.org/fresh/-/fresh-2.0.0.tgz",
      "integrity": "sha512-Rx/WycZ60HOaqLKAi6cHRKKI7zxWbJ31MhntmtwMoaTeF7XFH9hhBp8vITaMidfljRQ6eYWCKkaTK+ykVJHP2A==",
      "license": "MIT",
      "engines": {
        "node": ">= 0.8"
      }
    },
    "node_modules/header-range-parser": {
      "version": "1.1.3",
      "resolved": "https://registry.npmjs.org/header-range-parser/-/header-range-parser-1.1.3.tgz",
      "integrity": "sha512-B9zCFt3jH8g09LR1vHL4pcAn8yMEtlSlOUdQemzHMRKMImNIhhszdeosYFfNW0WXKQtXIlWB+O4owHJKvEJYaA==",
      "license": "MIT",
      "engines": {
        "node": ">=12.22.0"
      }
    },
    "node_modules/http-errors": {
      "version": "2.0.0",
      "resolved": "https://registry.npmjs.org/http-errors/-/http-errors-2.0.0.tgz",
      "integrity": "sha512-FtwrG/euBzaEjYeRqOgly7G0qviiXoJWnvEH2Z1plBdXgbyjv34pHTSb9zoeHMyDy33+DWy5Wt9Wo+TURtOYSQ==",
      "license": "MIT",
      "dependencies": {
        "depd": "2.0.0",
        "inherits": "2.0.4",
        "setprototypeof": "1.2.0",
        "statuses": "2.0.1",
        "toidentifier": "1.0.1"
      },
      "engines": {
        "node": ">= 0.8"
      }
    },
    "node_modules/http-errors/node_modules/statuses": {
      "version": "2.0.1",
      "resolved": "https://registry.npmjs.org/statuses/-/statuses-2.0.1.tgz",
      "integrity": "sha512-RwNA9Z/7PrK06rYLIzFMlaF+l73iwpzsqRIFgbMLbTcLD6cOao82TaWefPXQvB2fOC4AjuYSEndS7N/mTCbkdQ==",
      "license": "MIT",
      "engines": {
        "node": ">= 0.8"
      }
    },
    "node_modules/inherits": {
      "version": "2.0.4",
      "resolved": "https://registry.npmjs.org/inherits/-/inherits-2.0.4.tgz",
      "integrity": "sha512-k/vGaX4/Yla3WzyMCvTQOXYeIHvqOKtnqBduzTHpzpQZzAskKMhZ2K+EnBiSM9zGSoIFeMpXKxa4dYeZIQqewQ==",
      "license": "ISC"
    },
    "node_modules/ipaddr.js": {
      "version": "2.2.0",
      "resolved": "https://registry.npmjs.org/ipaddr.js/-/ipaddr.js-2.2.0.tgz",
      "integrity": "sha512-Ag3wB2o37wslZS19hZqorUnrnzSkpOVy+IiiDEiTqNubEYpYuHWIf6K4psgN2ZWKExS4xhVCrRVfb/wfW8fWJA==",
      "license": "MIT",
      "engines": {
        "node": ">= 10"
      }
    },
    "node_modules/liquidjs": {
      "version": "10.21.1",
      "resolved": "https://registry.npmjs.org/liquidjs/-/liquidjs-10.21.1.tgz",
      "integrity": "sha512-NZXmCwv3RG5nire3fmIn9HsOyJX3vo+ptp0yaXUHAMzSNBhx74Hm+dAGJvscUA6lNqbLuYfXgNavRQ9UbUJhQQ==",
      "license": "MIT",
      "dependencies": {
        "commander": "^10.0.0"
      },
      "bin": {
        "liquid": "bin/liquid.js",
        "liquidjs": "bin/liquid.js"
      },
      "engines": {
        "node": ">=14"
      },
      "funding": {
        "type": "opencollective",
        "url": "https://opencollective.com/liquidjs"
      }
    },
    "node_modules/mime": {
      "version": "4.1.0",
      "resolved": "https://registry.npmjs.org/mime/-/mime-4.1.0.tgz",
      "integrity": "sha512-X5ju04+cAzsojXKes0B/S4tcYtFAJ6tTMuSPBEn9CPGlrWr8Fiw7qYeLT0XyH80HSoAoqWCaz+MWKh22P7G1cw==",
      "funding": [
        "https://github.com/sponsors/broofa"
      ],
      "license": "MIT",
      "bin": {
        "mime": "bin/cli.js"
      },
      "engines": {
        "node": ">=16"
      }
    },
    "node_modules/mime-db": {
      "version": "1.54.0",
      "resolved": "https://registry.npmjs.org/mime-db/-/mime-db-1.54.0.tgz",
      "integrity": "sha512-aU5EJuIN2WDemCcAp2vFBfp/m4EAhWJnUNSSw0ixs7/kXbd6Pg64EmwJkNdFhB8aWt1sH2CTXrLxo/iAGV3oPQ==",
      "license": "MIT",
      "engines": {
        "node": ">= 0.6"
      }
    },
    "node_modules/mime-types": {
      "version": "3.0.1",
      "resolved": "https://registry.npmjs.org/mime-types/-/mime-types-3.0.1.tgz",
      "integrity": "sha512-xRc4oEhT6eaBpU1XF7AjpOFD+xQmXNB5OVKwp4tqCuBpHLS/ZbBDrc07mYTDqVMg6PfxUjjNp85O6Cd2Z/5HWA==",
      "license": "MIT",
      "dependencies": {
        "mime-db": "^1.54.0"
      },
      "engines": {
        "node": ">= 0.6"
      }
    },
    "node_modules/ms": {
      "version": "2.1.3",
      "resolved": "https://registry.npmjs.org/ms/-/ms-2.1.3.tgz",
      "integrity": "sha512-6FlzubTLZG3J2a/NVCAleEhjzq5oxgHyaCU9yYXvcLsvoVaHJq/s5xXI6/XXP6tz7R9xAOtHnSO/tXtF3WRTlA==",
      "license": "MIT"
    },
    "node_modules/negotiator": {
      "version": "1.0.0",
      "resolved": "https://registry.npmjs.org/negotiator/-/negotiator-1.0.0.tgz",
      "integrity": "sha512-8Ofs/AUQh8MaEcrlq5xOX0CQ9ypTF5dl78mjlMNfOK08fzpgTHQRQPBxcPlEtIw0yRpws+Zo/3r+5WRby7u3Gg==",
      "license": "MIT",
      "engines": {
        "node": ">= 0.6"
      }
    },
    "node_modules/on-finished": {
      "version": "2.4.1",
      "resolved": "https://registry.npmjs.org/on-finished/-/on-finished-2.4.1.tgz",
      "integrity": "sha512-oVlzkg3ENAhCk2zdv7IJwd/QUD4z2RxRwpkcGY8psCVcCYZNq4wYnVWALHM+brtuJjePWiYF/ClmuDr8Ch5+kg==",
      "license": "MIT",
      "dependencies": {
        "ee-first": "1.1.1"
      },
      "engines": {
        "node": ">= 0.8"
      }
    },
    "node_modules/parseurl": {
      "version": "1.3.3",
      "resolved": "https://registry.npmjs.org/parseurl/-/parseurl-1.3.3.tgz",
      "integrity": "sha512-CiyeOxFT/JZyN5m0z9PfXw4SCBJ6Sygz1Dpl0wqjlhDEGGBP1GnsUVEL0p63hoG1fcj3fHynXi9NYO4nWOL+qQ==",
      "license": "MIT",
      "engines": {
        "node": ">= 0.8"
      }
    },
    "node_modules/range-parser": {
      "version": "1.2.1",
      "resolved": "https://registry.npmjs.org/range-parser/-/range-parser-1.2.1.tgz",
      "integrity": "sha512-Hrgsx+orqoygnmhFbKaHE6c296J+HTAQXoxEF6gNupROmmGJRoyzfG3ccAveqCBrwr/2yxQ5BVd/GTl5agOwSg==",
      "license": "MIT",
      "engines": {
        "node": ">= 0.6"
      }
    },
    "node_modules/regexparam": {
      "version": "2.0.2",
      "resolved": "https://registry.npmjs.org/regexparam/-/regexparam-2.0.2.tgz",
      "integrity": "sha512-A1PeDEYMrkLrfyOwv2jwihXbo9qxdGD3atBYQA9JJgreAx8/7rC6IUkWOw2NQlOxLp2wL0ifQbh1HuidDfYA6w==",
      "license": "MIT",
      "engines": {
        "node": ">=8"
      }
    },
    "node_modules/send": {
      "version": "1.2.0",
      "resolved": "https://registry.npmjs.org/send/-/send-1.2.0.tgz",
      "integrity": "sha512-uaW0WwXKpL9blXE2o0bRhoL2EGXIrZxQ2ZQ4mgcfoBxdFmQold+qWsD2jLrfZ0trjKL6vOw0j//eAwcALFjKSw==",
      "license": "MIT",
      "dependencies": {
        "debug": "^4.3.5",
        "encodeurl": "^2.0.0",
        "escape-html": "^1.0.3",
        "etag": "^1.8.1",
        "fresh": "^2.0.0",
        "http-errors": "^2.0.0",
        "mime-types": "^3.0.1",
        "ms": "^2.1.3",
        "on-finished": "^2.4.1",
        "range-parser": "^1.2.1",
        "statuses": "^2.0.1"
      },
      "engines": {
        "node": ">= 18"
      }
    },
    "node_modules/serve-static": {
      "version": "2.2.0",
      "resolved": "https://registry.npmjs.org/serve-static/-/serve-static-2.2.0.tgz",
      "integrity": "sha512-61g9pCh0Vnh7IutZjtLGGpTA355+OPn2TyDv/6ivP2h/AdAVX9azsoxmg2/M6nZeQZNYBEwIcsne1mJd9oQItQ==",
      "license": "MIT",
      "dependencies": {
        "encodeurl": "^2.0.0",
        "escape-html": "^1.0.3",
        "parseurl": "^1.3.3",
        "send": "^1.2.0"
      },
      "engines": {
        "node": ">= 18"
      }
    },
    "node_modules/setprototypeof": {
      "version": "1.2.0",
      "resolved": "https://registry.npmjs.org/setprototypeof/-/setprototypeof-1.2.0.tgz",
      "integrity": "sha512-E5LDX7Wrp85Kil5bhZv46j8jOeboKq5JMmYM3gVGdGH8xFpPWXUMsNrlODCrkoxMEeNi/XZIwuRvY4XNwYMJpw==",
      "license": "ISC"
    },
    "node_modules/statuses": {
      "version": "2.0.2",
      "resolved": "https://registry.npmjs.org/statuses/-/statuses-2.0.2.tgz",
      "integrity": "sha512-DvEy55V3DB7uknRo+4iOGT5fP1slR8wQohVdknigZPMpMstaKJQWhwiYBACJE3Ul2pTnATihhBYnRhZQHGBiRw==",
      "license": "MIT",
      "engines": {
        "node": ">= 0.8"
      }
    },
    "node_modules/toidentifier": {
      "version": "1.0.1",
      "resolved": "https://registry.npmjs.org/toidentifier/-/toidentifier-1.0.1.tgz",
      "integrity": "sha512-o5sSPKEkg/DIQNmH43V0/uerLrpzVedkUh8tGNvaeXpfpuwjKenlSox/2O/BTlZUtEe+JG7s5YhEz608PlAHRA==",
      "license": "MIT",
      "engines": {
        "node": ">=0.6"
      }
    }
  }
}
